
Microsoft Visual Studio Solution File, Format Version 12.00
# Visual Studio 15
VisualStudioVersion = 15.0.27130.2027
MinimumVisualStudioVersion = 10.0.40219.1
Project("{9A19103F-16F7-4668-BE54-9A1E7A4F7556}") = "ECAuth.Domain", "ECAuth.Domain\ECAuth.Domain.csproj", "{F8F3084F-FE79-46A4-AA48-A04760AAD6A1}"
EndProject
Project("{00D1A9C2-B5F0-4AF3-8072-F6C62B433612}") = "ECAuth.Db", "ECAuth.Db\ECAuth.Db.sqlproj", "{2D8F039D-8E9D-45F1-A95D-1248C8551EE3}"
EndProject
Project("{9A19103F-16F7-4668-BE54-9A1E7A4F7556}") = "ECAuth.Infrastructure.Data", "ECAuth.Infrastructure.Data\ECAuth.Infrastructure.Data.csproj", "{2D65C97F-10BB-467C-A41A-CF236E6EE74F}"
EndProject
Project("{9A19103F-16F7-4668-BE54-9A1E7A4F7556}") = "ECAuth", "ECAuth\ECAuth.csproj", "{6F6DC3C2-18C0-4238-8124-765F5C53C160}"
EndProject
Project("{9A19103F-16F7-4668-BE54-9A1E7A4F7556}") = "ECAuth.CLI", "ECAuth.CLI\ECAuth.CLI.csproj", "{EB5E4A20-8D44-4CB9-81BD-97506D57B24C}"
EndProject
Global
	GlobalSection(SolutionConfigurationPlatforms) = preSolution
		Debug|Any CPU = Debug|Any CPU
		Release|Any CPU = Release|Any CPU
	EndGlobalSection
	GlobalSection(ProjectConfigurationPlatforms) = postSolution
		{F8F3084F-FE79-46A4-AA48-A04760AAD6A1}.Debug|Any CPU.ActiveCfg = Debug|Any CPU
		{F8F3084F-FE79-46A4-AA48-A04760AAD6A1}.Debug|Any CPU.Build.0 = Debug|Any CPU
		{F8F3084F-FE79-46A4-AA48-A04760AAD6A1}.Release|Any CPU.ActiveCfg = Release|Any CPU
		{F8F3084F-FE79-46A4-AA48-A04760AAD6A1}.Release|Any CPU.Build.0 = Release|Any CPU
		{2D8F039D-8E9D-45F1-A95D-1248C8551EE3}.Debug|Any CPU.ActiveCfg = Debug|Any CPU
		{2D8F039D-8E9D-45F1-A95D-1248C8551EE3}.Debug|Any CPU.Build.0 = Debug|Any CPU
		{2D8F039D-8E9D-45F1-A95D-1248C8551EE3}.Debug|Any CPU.Deploy.0 = Debug|Any CPU
		{2D8F039D-8E9D-45F1-A95D-1248C8551EE3}.Release|Any CPU.ActiveCfg = Release|Any CPU
		{2D8F039D-8E9D-45F1-A95D-1248C8551EE3}.Release|Any CPU.Build.0 = Release|Any CPU
		{2D8F039D-8E9D-45F1-A95D-1248C8551EE3}.Release|Any CPU.Deploy.0 = Release|Any CPU
		{2D65C97F-10BB-467C-A41A-CF236E6EE74F}.Debug|Any CPU.ActiveCfg = Debug|Any CPU
		{2D65C97F-10BB-467C-A41A-CF236E6EE74F}.Debug|Any CPU.Build.0 = Debug|Any CPU
		{2D65C97F-10BB-467C-A41A-CF236E6EE74F}.Release|Any CPU.ActiveCfg = Release|Any CPU
		{2D65C97F-10BB-467C-A41A-CF236E6EE74F}.Release|Any CPU.Build.0 = Release|Any CPU
		{6F6DC3C2-18C0-4238-8124-765F5C53C160}.Debug|Any CPU.ActiveCfg = Debug|Any CPU
		{6F6DC3C2-18C0-4238-8124-765F5C53C160}.Debug|Any CPU.Build.0 = Debug|Any CPU
		{6F6DC3C2-18C0-4238-8124-765F5C53C160}.Release|Any CPU.ActiveCfg = Release|Any CPU
		{6F6DC3C2-18C0-4238-8124-765F5C53C160}.Release|Any CPU.Build.0 = Release|Any CPU
		{EB5E4A20-8D44-4CB9-81BD-97506D57B24C}.Debug|Any CPU.ActiveCfg = Debug|Any CPU
		{EB5E4A20-8D44-4CB9-81BD-97506D57B24C}.Debug|Any CPU.Build.0 = Debug|Any CPU
		{EB5E4A20-8D44-4CB9-81BD-97506D57B24C}.Release|Any CPU.ActiveCfg = Release|Any CPU
		{EB5E4A20-8D44-4CB9-81BD-97506D57B24C}.Release|Any CPU.Build.0 = Release|Any CPU
	EndGlobalSection
	GlobalSection(SolutionProperties) = preSolution
		HideSolutionNode = FALSE
	EndGlobalSection
	GlobalSection(ExtensibilityGlobals) = postSolution
		SolutionGuid = {4BC0C382-AA27-47CB-B328-3A6043874ADD}
	EndGlobalSection
	GlobalSection(TeamFoundationVersionControl) = preSolution
		SccNumberOfProjects = 6
		SccEnterpriseProvider = {4CA58AB2-18FA-4F8D-95D4-32DDF27D184C}
		SccTeamFoundationServer = https://expertscoding.visualstudio.com/
		SccProjectUniqueName0 = ECAuth.Domain\\ECAuth.Domain.csproj
		SccProjectName0 = ECAuth.Domain
		SccLocalPath0 = ECAuth.Domain
		SccProjectUniqueName1 = ECAuth.Db\\ECAuth.Db.sqlproj
		SccProjectName1 = ECAuth.Db
		SccLocalPath1 = ECAuth.Db
		SccProjectUniqueName2 = ECAuth.Infrastructure.Data\\ECAuth.Infrastructure.Data.csproj
		SccProjectName2 = ECAuth.Infrastructure.Data
		SccLocalPath2 = ECAuth.Infrastructure.Data
		SccProjectUniqueName3 = ECAuth\\ECAuth.csproj
		SccProjectName3 = ECAuth
		SccLocalPath3 = ECAuth
		SccProjectUniqueName4 = ECAuth.CLI\\ECAuth.CLI.csproj
		SccProjectName4 = ECAuth.CLI
		SccLocalPath4 = ECAuth.CLI
		SccLocalPath5 = .
	EndGlobalSection
EndGlobal
